
Microsoft Visual Studio Solution File, Format Version 12.00
# Visual Studio Version 17
VisualStudioVersion = 17.7.34024.191
MinimumVisualStudioVersion = 10.0.40219.1
Project("{2150E333-8FDC-42A3-9474-1A3956D46DE8}") = "Task0", "Task0", "{64BEA312-7482-4D63-868A-2876509B0290}"
EndProject
Project("{FAE04EC0-301F-11D3-BF4B-00C04F79EFBC}") = "Tyuiu.EmelianovaKP.Sprint0.Task0.V0", "Tyuiu.EmelianovaKP.Sprint0.Task0.V0\Tyuiu.EmelianovaKP.Sprint0.Task0.V0.csproj", "{31EB01C8-1704-4EB9-891E-3A3893FC745B}"
EndProject
Global
	GlobalSection(SolutionConfigurationPlatforms) = preSolution
		Debug|Any CPU = Debug|Any CPU
		Release|Any CPU = Release|Any CPU
	EndGlobalSection
	GlobalSection(ProjectConfigurationPlatforms) = postSolution
		{31EB01C8-1704-4EB9-891E-3A3893FC745B}.Debug|Any CPU.ActiveCfg = Debug|Any CPU
		{31EB01C8-1704-4EB9-891E-3A3893FC745B}.Debug|Any CPU.Build.0 = Debug|Any CPU
		{31EB01C8-1704-4EB9-891E-3A3893FC745B}.Release|Any CPU.ActiveCfg = Release|Any CPU
		{31EB01C8-1704-4EB9-891E-3A3893FC745B}.Release|Any CPU.Build.0 = Release|Any CPU
	EndGlobalSection
	GlobalSection(SolutionProperties) = preSolution
		HideSolutionNode = FALSE
	EndGlobalSection
	GlobalSection(NestedProjects) = preSolution
		{31EB01C8-1704-4EB9-891E-3A3893FC745B} = {64BEA312-7482-4D63-868A-2876509B0290}
	EndGlobalSection
	GlobalSection(ExtensibilityGlobals) = postSolution
		SolutionGuid = {433AAC9F-F457-46FE-B22B-D65F1FCC2DA4}
	EndGlobalSection
EndGlobal
